// !$*UTF8*$!
{
	archiveVersion = 1;
	classes = {
	};
	objectVersion = 77;
	objects = {

/* Begin PBXBuildFile section */
		07D4D5A02F70420F0029AEBA /* mlx_modelsApp.swift in Sources */ = {isa = PBXBuildFile; fileRef = 07D4D5A42F70420F0029AEBA /* mlx_modelsApp.swift */; };
		07D4D5A12F70420F0029AEBA /* ContentView.swift in Sources */ = {isa = PBXBuildFile; fileRef = 07D4D5A52F70420F0029AEBA /* ContentView.swift */; };
		07D4D5A22F70420F0029AEBA /* ModelLocator.swift in Sources */ = {isa = PBXBuildFile; fileRef = 07D4D5A62F70420F0029AEBA /* ModelLocator.swift */; };
		07D4D5A32F70420F0029AEBA /* Assets.xcassets in Resources */ = {isa = PBXBuildFile; fileRef = 07D4D5A72F70420F0029AEBA /* Assets.xcassets */; };
		07D4D5B02F70420F0029AEBA /* ChatMessage.swift in Sources */ = {isa = PBXBuildFile; fileRef = 07D4D5B42F70420F0029AEBA /* ChatMessage.swift */; };
		07D4D5B12F70420F0029AEBA /* ASRSessionViewModel.swift in Sources */ = {isa = PBXBuildFile; fileRef = 07D4D5B52F70420F0029AEBA /* ASRSessionViewModel.swift */; };
		07D4D5B22F70420F0029AEBA /* AudioRecorder.swift in Sources */ = {isa = PBXBuildFile; fileRef = 07D4D5B62F70420F0029AEBA /* AudioRecorder.swift */; };
		07D4D5B32F70420F0029AEBA /* ASRService.swift in Sources */ = {isa = PBXBuildFile; fileRef = 07D4D5B72F70420F0029AEBA /* ASRService.swift */; };
		07D4D5B82F70420F0029AEBA /* MLXAudioCore in Frameworks */ = {isa = PBXBuildFile; productRef = 07D4D5BD2F70420F0029AEBA /* MLXAudioCore */; };
		07D4D5B92F70420F0029AEBA /* MLXAudioSTT in Frameworks */ = {isa = PBXBuildFile; productRef = 07D4D5BE2F70420F0029AEBA /* MLXAudioSTT */; };
		07D4D5BA2F70420F0029AEBA /* HuggingFace in Frameworks */ = {isa = PBXBuildFile; productRef = 07D4D5BF2F70420F0029AEBA /* HuggingFace */; };
/* End PBXBuildFile section */

/* Begin PBXFileReference section */
		071349462F70420F0029AEBA /* mlx-models.app */ = {isa = PBXFileReference; explicitFileType = wrapper.application; includeInIndex = 0; path = "mlx-models.app"; sourceTree = BUILT_PRODUCTS_DIR; };
		07D4D5A42F70420F0029AEBA /* mlx_modelsApp.swift */ = {isa = PBXFileReference; lastKnownFileType = sourcecode.swift; path = mlx_modelsApp.swift; sourceTree = "<group>"; };
		07D4D5A52F70420F0029AEBA /* ContentView.swift */ = {isa = PBXFileReference; lastKnownFileType = sourcecode.swift; path = ContentView.swift; sourceTree = "<group>"; };
		07D4D5A62F70420F0029AEBA /* ModelLocator.swift */ = {isa = PBXFileReference; lastKnownFileType = sourcecode.swift; path = ModelLocator.swift; sourceTree = "<group>"; };
		07D4D5A72F70420F0029AEBA /* Assets.xcassets */ = {isa = PBXFileReference; lastKnownFileType = folder.assetcatalog; path = Assets.xcassets; sourceTree = "<group>"; };
		07D4D5B42F70420F0029AEBA /* ChatMessage.swift */ = {isa = PBXFileReference; lastKnownFileType = sourcecode.swift; path = ChatMessage.swift; sourceTree = "<group>"; };
		07D4D5B52F70420F0029AEBA /* ASRSessionViewModel.swift */ = {isa = PBXFileReference; lastKnownFileType = sourcecode.swift; path = ASRSessionViewModel.swift; sourceTree = "<group>"; };
		07D4D5B62F70420F0029AEBA /* AudioRecorder.swift */ = {isa = PBXFileReference; lastKnownFileType = sourcecode.swift; path = AudioRecorder.swift; sourceTree = "<group>"; };
		07D4D5B72F70420F0029AEBA /* ASRService.swift */ = {isa = PBXFileReference; lastKnownFileType = sourcecode.swift; path = ASRService.swift; sourceTree = "<group>"; };
/* End PBXFileReference section */

/* Begin PBXFrameworksBuildPhase section */
		071349432F70420F0029AEBA /* Frameworks */ = {
			isa = PBXFrameworksBuildPhase;
			buildActionMask = 2147483647;
			files = (
				07D4D5BA2F70420F0029AEBA /* HuggingFace in Frameworks */,
				07D4D5B82F70420F0029AEBA /* MLXAudioCore in Frameworks */,
				07D4D5B92F70420F0029AEBA /* MLXAudioSTT in Frameworks */,
			);
			runOnlyForDeploymentPostprocessing = 0;
		};
/* End PBXFrameworksBuildPhase section */

/* Begin PBXGroup section */
		0713493D2F70420F0029AEBA = {
			isa = PBXGroup;
			children = (
				071349482F70420F0029AEBA /* mlx-models */,
				071349472F70420F0029AEBA /* Products */,
			);
			sourceTree = "<group>";
		};
		071349472F70420F0029AEBA /* Products */ = {
			isa = PBXGroup;
			children = (
				071349462F70420F0029AEBA /* mlx-models.app */,
			);
			name = Products;
			sourceTree = "<group>";
		};
		071349482F70420F0029AEBA /* mlx-models */ = {
			isa = PBXGroup;
			children = (
				07D4D5A72F70420F0029AEBA /* Assets.xcassets */,
				07D4D5B72F70420F0029AEBA /* ASRService.swift */,
				07D4D5B52F70420F0029AEBA /* ASRSessionViewModel.swift */,
				07D4D5B62F70420F0029AEBA /* AudioRecorder.swift */,
				07D4D5B42F70420F0029AEBA /* ChatMessage.swift */,
				07D4D5A52F70420F0029AEBA /* ContentView.swift */,
				07D4D5A62F70420F0029AEBA /* ModelLocator.swift */,
				07D4D5A42F70420F0029AEBA /* mlx_modelsApp.swift */,
			);
			path = "mlx-models";
			sourceTree = "<group>";
		};
/* End PBXGroup section */

/* Begin PBXNativeTarget section */
		071349452F70420F0029AEBA /* mlx-models */ = {
			isa = PBXNativeTarget;
			buildConfigurationList = 071349512F7042110029AEBA /* Build configuration list for PBXNativeTarget "mlx-models" */;
			buildPhases = (
				071349422F70420F0029AEBA /* Sources */,
				071349432F70420F0029AEBA /* Frameworks */,
				071349442F70420F0029AEBA /* Resources */,
				07D4D5AF2F70420F0029AEBA /* Bundle Selected MLX Model */,
			);
			buildRules = (
			);
			dependencies = (
			);
			name = "mlx-models";
			packageProductDependencies = (
				07D4D5BD2F70420F0029AEBA /* MLXAudioCore */,
				07D4D5BE2F70420F0029AEBA /* MLXAudioSTT */,
				07D4D5BF2F70420F0029AEBA /* HuggingFace */,
			);
			productName = "mlx-models";
			productReference = 071349462F70420F0029AEBA /* mlx-models.app */;
			productType = "com.apple.product-type.application";
		};
/* End PBXNativeTarget section */

/* Begin PBXProject section */
		0713493E2F70420F0029AEBA /* Project object */ = {
			isa = PBXProject;
			attributes = {
				BuildIndependentTargetsInParallel = 1;
				LastSwiftUpdateCheck = 2630;
				LastUpgradeCheck = 2630;
				TargetAttributes = {
					071349452F70420F0029AEBA = {
						CreatedOnToolsVersion = 26.3;
					};
				};
			};
			buildConfigurationList = 071349412F70420F0029AEBA /* Build configuration list for PBXProject "mlx-models" */;
			developmentRegion = en;
			hasScannedForEncodings = 0;
			knownRegions = (
				en,
				Base,
			);
			mainGroup = 0713493D2F70420F0029AEBA;
			minimizedProjectReferenceProxies = 1;
			preferredProjectObjectVersion = 77;
			productRefGroup = 071349472F70420F0029AEBA /* Products */;
			projectDirPath = "";
			projectRoot = "";
			packageReferences = (
				07D4D5BB2F70420F0029AEBA /* XCRemoteSwiftPackageReference "mlx-audio-swift" */,
				07D4D5BC2F70420F0029AEBA /* XCRemoteSwiftPackageReference "swift-huggingface" */,
			);
			targets = (
				071349452F70420F0029AEBA /* mlx-models */,
			);
		};
/* End PBXProject section */

/* Begin PBXResourcesBuildPhase section */
		071349442F70420F0029AEBA /* Resources */ = {
			isa = PBXResourcesBuildPhase;
			buildActionMask = 2147483647;
			files = (
				07D4D5A32F70420F0029AEBA /* Assets.xcassets in Resources */,
			);
			runOnlyForDeploymentPostprocessing = 0;
		};
/* End PBXResourcesBuildPhase section */

/* Begin PBXShellScriptBuildPhase section */
		07D4D5AF2F70420F0029AEBA /* Bundle Selected MLX Model */ = {
			isa = PBXShellScriptBuildPhase;
			buildActionMask = 2147483647;
			files = (
			);
			inputFileListPaths = (
			);
			inputPaths = (
				"$(MODEL_ROOT)/$(MODEL_ORG)/$(MODEL_NAME)",
			);
			name = "Bundle Selected MLX Model";
			outputFileListPaths = (
			);
			outputPaths = (
				"$(TARGET_BUILD_DIR)/$(UNLOCALIZED_RESOURCES_FOLDER_PATH)/Model",
			);
			runOnlyForDeploymentPostprocessing = 0;
			shellPath = /bin/sh;
			shellScript = "set -euo pipefail\n\nMODEL_ROOT_EXPANDED=\"${MODEL_ROOT/#\\~/$HOME}\"\nMODEL_SOURCE=\"$MODEL_ROOT_EXPANDED/$MODEL_ORG/$MODEL_NAME\"\nBUNDLE_RESOURCES_DIR=\"$TARGET_BUILD_DIR/$UNLOCALIZED_RESOURCES_FOLDER_PATH\"\nBUNDLED_MODEL_DIR=\"$BUNDLE_RESOURCES_DIR/Model\"\n\nif [ ! -d \"$MODEL_SOURCE\" ]; then\n  echo \"error: MLX model directory does not exist: $MODEL_SOURCE\"\n  echo \"error: Current settings MODEL_ROOT=$MODEL_ROOT MODEL_ORG=$MODEL_ORG MODEL_NAME=$MODEL_NAME\"\n  exit 1\nfi\n\nmkdir -p \"$BUNDLE_RESOURCES_DIR\"\nrm -rf \"$BUNDLED_MODEL_DIR\"\ncp -R \"$MODEL_SOURCE\" \"$BUNDLED_MODEL_DIR\"\n\necho \"Bundled MLX model from $MODEL_SOURCE\"\n";
		};
/* End PBXShellScriptBuildPhase section */

/* Begin PBXSourcesBuildPhase section */
		071349422F70420F0029AEBA /* Sources */ = {
			isa = PBXSourcesBuildPhase;
			buildActionMask = 2147483647;
			files = (
				07D4D5B32F70420F0029AEBA /* ASRService.swift in Sources */,
				07D4D5B22F70420F0029AEBA /* AudioRecorder.swift in Sources */,
				07D4D5B12F70420F0029AEBA /* ASRSessionViewModel.swift in Sources */,
				07D4D5B02F70420F0029AEBA /* ChatMessage.swift in Sources */,
				07D4D5A12F70420F0029AEBA /* ContentView.swift in Sources */,
				07D4D5A22F70420F0029AEBA /* ModelLocator.swift in Sources */,
				07D4D5A02F70420F0029AEBA /* mlx_modelsApp.swift in Sources */,
			);
			runOnlyForDeploymentPostprocessing = 0;
		};
/* End PBXSourcesBuildPhase section */

/* Begin XCRemoteSwiftPackageReference section */
		07D4D5BB2F70420F0029AEBA /* XCRemoteSwiftPackageReference "mlx-audio-swift" */ = {
			isa = XCRemoteSwiftPackageReference;
			repositoryURL = "https://github.com/Blaizzy/mlx-audio-swift.git";
			requirement = {
				kind = upToNextMajorVersion;
				minimumVersion = 0.1.2;
			};
		};
		07D4D5BC2F70420F0029AEBA /* XCRemoteSwiftPackageReference "swift-huggingface" */ = {
			isa = XCRemoteSwiftPackageReference;
			repositoryURL = "https://github.com/huggingface/swift-huggingface.git";
			requirement = {
				kind = upToNextMajorVersion;
				minimumVersion = 0.8.1;
			};
		};
/* End XCRemoteSwiftPackageReference section */

/* Begin XCSwiftPackageProductDependency section */
		07D4D5BD2F70420F0029AEBA /* MLXAudioCore */ = {
			isa = XCSwiftPackageProductDependency;
			package = 07D4D5BB2F70420F0029AEBA /* XCRemoteSwiftPackageReference "mlx-audio-swift" */;
			productName = MLXAudioCore;
		};
		07D4D5BE2F70420F0029AEBA /* MLXAudioSTT */ = {
			isa = XCSwiftPackageProductDependency;
			package = 07D4D5BB2F70420F0029AEBA /* XCRemoteSwiftPackageReference "mlx-audio-swift" */;
			productName = MLXAudioSTT;
		};
		07D4D5BF2F70420F0029AEBA /* HuggingFace */ = {
			isa = XCSwiftPackageProductDependency;
			package = 07D4D5BC2F70420F0029AEBA /* XCRemoteSwiftPackageReference "swift-huggingface" */;
			productName = HuggingFace;
		};
/* End XCSwiftPackageProductDependency section */

/* Begin XCBuildConfiguration section */
		0713494F2F7042110029AEBA /* Debug */ = {
			isa = XCBuildConfiguration;
			buildSettings = {
				ALWAYS_SEARCH_USER_PATHS = NO;
				ASSETCATALOG_COMPILER_GENERATE_SWIFT_ASSET_SYMBOL_EXTENSIONS = YES;
				CLANG_ANALYZER_NONNULL = YES;
				CLANG_ANALYZER_NUMBER_OBJECT_CONVERSION = YES_AGGRESSIVE;
				CLANG_CXX_LANGUAGE_STANDARD = "gnu++20";
				CLANG_ENABLE_MODULES = YES;
				CLANG_ENABLE_OBJC_ARC = YES;
				CLANG_ENABLE_OBJC_WEAK = YES;
				CLANG_WARN_BLOCK_CAPTURE_AUTORELEASING = YES;
				CLANG_WARN_BOOL_CONVERSION = YES;
				CLANG_WARN_COMMA = YES;
				CLANG_WARN_CONSTANT_CONVERSION = YES;
				CLANG_WARN_DEPRECATED_OBJC_IMPLEMENTATIONS = YES;
				CLANG_WARN_DIRECT_OBJC_ISA_USAGE = YES_ERROR;
				CLANG_WARN_DOCUMENTATION_COMMENTS = YES;
				CLANG_WARN_EMPTY_BODY = YES;
				CLANG_WARN_ENUM_CONVERSION = YES;
				CLANG_WARN_INFINITE_RECURSION = YES;
				CLANG_WARN_INT_CONVERSION = YES;
				CLANG_WARN_NON_LITERAL_NULL_CONVERSION = YES;
				CLANG_WARN_OBJC_IMPLICIT_RETAIN_SELF = YES;
				CLANG_WARN_OBJC_LITERAL_CONVERSION = YES;
				CLANG_WARN_OBJC_ROOT_CLASS = YES_ERROR;
				CLANG_WARN_QUOTED_INCLUDE_IN_FRAMEWORK_HEADER = YES;
				CLANG_WARN_RANGE_LOOP_ANALYSIS = YES;
				CLANG_WARN_STRICT_PROTOTYPES = YES;
				CLANG_WARN_SUSPICIOUS_MOVE = YES;
				CLANG_WARN_UNGUARDED_AVAILABILITY = YES_AGGRESSIVE;
				CLANG_WARN_UNREACHABLE_CODE = YES;
				CLANG_WARN__DUPLICATE_METHOD_MATCH = YES;
				COPY_PHASE_STRIP = NO;
				DEBUG_INFORMATION_FORMAT = dwarf;
				ENABLE_STRICT_OBJC_MSGSEND = YES;
				ENABLE_TESTABILITY = YES;
				ENABLE_USER_SCRIPT_SANDBOXING = YES;
				GCC_C_LANGUAGE_STANDARD = gnu17;
				GCC_DYNAMIC_NO_PIC = NO;
				GCC_NO_COMMON_BLOCKS = YES;
				GCC_OPTIMIZATION_LEVEL = 0;
				GCC_PREPROCESSOR_DEFINITIONS = (
					"DEBUG=1",
					"$(inherited)",
				);
				GCC_WARN_64_TO_32_BIT_CONVERSION = YES;
				GCC_WARN_ABOUT_RETURN_TYPE = YES_ERROR;
				GCC_WARN_UNDECLARED_SELECTOR = YES;
				GCC_WARN_UNINITIALIZED_AUTOS = YES_AGGRESSIVE;
				GCC_WARN_UNUSED_FUNCTION = YES;
				GCC_WARN_UNUSED_VARIABLE = YES;
				LOCALIZATION_PREFERS_STRING_CATALOGS = YES;
				MACOSX_DEPLOYMENT_TARGET = 26.2;
				MTL_ENABLE_DEBUG_INFO = INCLUDE_SOURCE;
				MTL_FAST_MATH = YES;
				ONLY_ACTIVE_ARCH = YES;
				SDKROOT = macosx;
				SWIFT_ACTIVE_COMPILATION_CONDITIONS = "DEBUG $(inherited)";
				SWIFT_OPTIMIZATION_LEVEL = "-Onone";
			};
			name = Debug;
		};
		071349502F7042110029AEBA /* Release */ = {
			isa = XCBuildConfiguration;
			buildSettings = {
				ALWAYS_SEARCH_USER_PATHS = NO;
				ASSETCATALOG_COMPILER_GENERATE_SWIFT_ASSET_SYMBOL_EXTENSIONS = YES;
				CLANG_ANALYZER_NONNULL = YES;
				CLANG_ANALYZER_NUMBER_OBJECT_CONVERSION = YES_AGGRESSIVE;
				CLANG_CXX_LANGUAGE_STANDARD = "gnu++20";
				CLANG_ENABLE_MODULES = YES;
				CLANG_ENABLE_OBJC_ARC = YES;
				CLANG_ENABLE_OBJC_WEAK = YES;
				CLANG_WARN_BLOCK_CAPTURE_AUTORELEASING = YES;
				CLANG_WARN_BOOL_CONVERSION = YES;
				CLANG_WARN_COMMA = YES;
				CLANG_WARN_CONSTANT_CONVERSION = YES;
				CLANG_WARN_DEPRECATED_OBJC_IMPLEMENTATIONS = YES;
				CLANG_WARN_DIRECT_OBJC_ISA_USAGE = YES_ERROR;
				CLANG_WARN_DOCUMENTATION_COMMENTS = YES;
				CLANG_WARN_EMPTY_BODY = YES;
				CLANG_WARN_ENUM_CONVERSION = YES;
				CLANG_WARN_INFINITE_RECURSION = YES;
				CLANG_WARN_INT_CONVERSION = YES;
				CLANG_WARN_NON_LITERAL_NULL_CONVERSION = YES;
				CLANG_WARN_OBJC_IMPLICIT_RETAIN_SELF = YES;
				CLANG_WARN_OBJC_LITERAL_CONVERSION = YES;
				CLANG_WARN_OBJC_ROOT_CLASS = YES_ERROR;
				CLANG_WARN_QUOTED_INCLUDE_IN_FRAMEWORK_HEADER = YES;
				CLANG_WARN_RANGE_LOOP_ANALYSIS = YES;
				CLANG_WARN_STRICT_PROTOTYPES = YES;
				CLANG_WARN_SUSPICIOUS_MOVE = YES;
				CLANG_WARN_UNGUARDED_AVAILABILITY = YES_AGGRESSIVE;
				CLANG_WARN_UNREACHABLE_CODE = YES;
				CLANG_WARN__DUPLICATE_METHOD_MATCH = YES;
				COPY_PHASE_STRIP = NO;
				DEBUG_INFORMATION_FORMAT = "dwarf-with-dsym";
				ENABLE_NS_ASSERTIONS = NO;
				ENABLE_STRICT_OBJC_MSGSEND = YES;
				ENABLE_USER_SCRIPT_SANDBOXING = YES;
				GCC_C_LANGUAGE_STANDARD = gnu17;
				GCC_NO_COMMON_BLOCKS = YES;
				GCC_WARN_64_TO_32_BIT_CONVERSION = YES;
				GCC_WARN_ABOUT_RETURN_TYPE = YES_ERROR;
				GCC_WARN_UNDECLARED_SELECTOR = YES;
				GCC_WARN_UNINITIALIZED_AUTOS = YES_AGGRESSIVE;
				GCC_WARN_UNUSED_FUNCTION = YES;
				GCC_WARN_UNUSED_VARIABLE = YES;
				LOCALIZATION_PREFERS_STRING_CATALOGS = YES;
				MACOSX_DEPLOYMENT_TARGET = 26.2;
				MTL_ENABLE_DEBUG_INFO = NO;
				MTL_FAST_MATH = YES;
				SDKROOT = macosx;
				SWIFT_COMPILATION_MODE = wholemodule;
			};
			name = Release;
		};
		071349522F7042110029AEBA /* Debug */ = {
			isa = XCBuildConfiguration;
			buildSettings = {
				ASSETCATALOG_COMPILER_APPICON_NAME = AppIcon;
				ASSETCATALOG_COMPILER_GLOBAL_ACCENT_COLOR_NAME = AccentColor;
				CODE_SIGN_STYLE = Automatic;
				COMBINE_HIDPI_IMAGES = YES;
				CURRENT_PROJECT_VERSION = 1;
				DEVELOPMENT_TEAM = MK6NL9X2NK;
				ENABLE_APP_SANDBOX = YES;
				ENABLE_PREVIEWS = YES;
				ENABLE_USER_SCRIPT_SANDBOXING = NO;
				ENABLE_USER_SELECTED_FILES = readonly;
				GENERATE_INFOPLIST_FILE = YES;
				INFOPLIST_KEY_ASRModelRepository = "$(MODEL_ORG)/$(MODEL_NAME)";
				INFOPLIST_KEY_NSHumanReadableCopyright = "";
				INFOPLIST_KEY_NSMicrophoneUsageDescription = "需要访问麦克风来录音并在本地进行语音识别。";
				LD_RUNPATH_SEARCH_PATHS = (
					"$(inherited)",
					"@executable_path/../Frameworks",
				);
				MARKETING_VERSION = 1.0;
				MODEL_NAME = "Qwen3-ASR-0.6B-4bit";
				MODEL_ORG = "mlx-community";
				MODEL_ROOT = "$(HOME)/models";
				PRODUCT_BUNDLE_IDENTIFIER = "com.tiger.mlx-models";
				PRODUCT_NAME = "$(TARGET_NAME)";
				REGISTER_APP_GROUPS = YES;
				STRING_CATALOG_GENERATE_SYMBOLS = YES;
				SWIFT_APPROACHABLE_CONCURRENCY = YES;
				SWIFT_DEFAULT_ACTOR_ISOLATION = MainActor;
				SWIFT_EMIT_LOC_STRINGS = YES;
				SWIFT_UPCOMING_FEATURE_MEMBER_IMPORT_VISIBILITY = YES;
				SWIFT_VERSION = 5.0;
			};
			name = Debug;
		};
		071349532F7042110029AEBA /* Release */ = {
			isa = XCBuildConfiguration;
			buildSettings = {
				ASSETCATALOG_COMPILER_APPICON_NAME = AppIcon;
				ASSETCATALOG_COMPILER_GLOBAL_ACCENT_COLOR_NAME = AccentColor;
				CODE_SIGN_STYLE = Automatic;
				COMBINE_HIDPI_IMAGES = YES;
				CURRENT_PROJECT_VERSION = 1;
				DEVELOPMENT_TEAM = MK6NL9X2NK;
				ENABLE_APP_SANDBOX = YES;
				ENABLE_PREVIEWS = YES;
				ENABLE_USER_SCRIPT_SANDBOXING = NO;
				ENABLE_USER_SELECTED_FILES = readonly;
				GENERATE_INFOPLIST_FILE = YES;
				INFOPLIST_KEY_ASRModelRepository = "$(MODEL_ORG)/$(MODEL_NAME)";
				INFOPLIST_KEY_NSHumanReadableCopyright = "";
				INFOPLIST_KEY_NSMicrophoneUsageDescription = "需要访问麦克风来录音并在本地进行语音识别。";
				LD_RUNPATH_SEARCH_PATHS = (
					"$(inherited)",
					"@executable_path/../Frameworks",
				);
				MARKETING_VERSION = 1.0;
				MODEL_NAME = "Qwen3-ASR-0.6B-4bit";
				MODEL_ORG = "mlx-community";
				MODEL_ROOT = "$(HOME)/models";
				PRODUCT_BUNDLE_IDENTIFIER = "com.tiger.mlx-models";
				PRODUCT_NAME = "$(TARGET_NAME)";
				REGISTER_APP_GROUPS = YES;
				STRING_CATALOG_GENERATE_SYMBOLS = YES;
				SWIFT_APPROACHABLE_CONCURRENCY = YES;
				SWIFT_DEFAULT_ACTOR_ISOLATION = MainActor;
				SWIFT_EMIT_LOC_STRINGS = YES;
				SWIFT_UPCOMING_FEATURE_MEMBER_IMPORT_VISIBILITY = YES;
				SWIFT_VERSION = 5.0;
			};
			name = Release;
		};
/* End XCBuildConfiguration section */

/* Begin XCConfigurationList section */
		071349412F70420F0029AEBA /* Build configuration list for PBXProject "mlx-models" */ = {
			isa = XCConfigurationList;
			buildConfigurations = (
				0713494F2F7042110029AEBA /* Debug */,
				071349502F7042110029AEBA /* Release */,
			);
			defaultConfigurationIsVisible = 0;
			defaultConfigurationName = Release;
		};
		071349512F7042110029AEBA /* Build configuration list for PBXNativeTarget "mlx-models" */ = {
			isa = XCConfigurationList;
			buildConfigurations = (
				071349522F7042110029AEBA /* Debug */,
				071349532F7042110029AEBA /* Release */,
			);
			defaultConfigurationIsVisible = 0;
			defaultConfigurationName = Release;
		};
/* End XCConfigurationList section */
	};
	rootObject = 0713493E2F70420F0029AEBA /* Project object */;
}
